// !$*UTF8*$!
{
	archiveVersion = 1;
	classes = {
	};
	objectVersion = 46;
	objects = {

/* Begin PBXBuildFile section */
		CF0ED0561E7D68750086878C /* SlideMenuController.swift in Sources */ = {isa = PBXBuildFile; fileRef = CF0ED0551E7D68750086878C /* SlideMenuController.swift */; };
		CF0ED0581E7D6B070086878C /* SlideMenuContainerController.swift in Sources */ = {isa = PBXBuildFile; fileRef = CF0ED0571E7D6B070086878C /* SlideMenuContainerController.swift */; };
		CF0ED05C1E7D6E5B0086878C /* LeftMenuController.swift in Sources */ = {isa = PBXBuildFile; fileRef = CF0ED05B1E7D6E5B0086878C /* LeftMenuController.swift */; };
		CF0ED05E1E7D6E870086878C /* HomeViewController.swift in Sources */ = {isa = PBXBuildFile; fileRef = CF0ED05D1E7D6E870086878C /* HomeViewController.swift */; };
		CF0ED0611E7D71650086878C /* Extensions.swift in Sources */ = {isa = PBXBuildFile; fileRef = CF0ED0601E7D71650086878C /* Extensions.swift */; };
		CF4115C91E7CE52000ADAE26 /* AppDelegate.swift in Sources */ = {isa = PBXBuildFile; fileRef = CF4115C81E7CE52000ADAE26 /* AppDelegate.swift */; };
		CF4115CE1E7CE52000ADAE26 /* Main.storyboard in Resources */ = {isa = PBXBuildFile; fileRef = CF4115CC1E7CE52000ADAE26 /* Main.storyboard */; };
		CF4115D11E7CE52000ADAE26 /* SampleApp.xcdatamodeld in Sources */ = {isa = PBXBuildFile; fileRef = CF4115CF1E7CE52000ADAE26 /* SampleApp.xcdatamodeld */; };
		CF4115D31E7CE52000ADAE26 /* Assets.xcassets in Resources */ = {isa = PBXBuildFile; fileRef = CF4115D21E7CE52000ADAE26 /* Assets.xcassets */; };
		CF4115D61E7CE52000ADAE26 /* LaunchScreen.storyboard in Resources */ = {isa = PBXBuildFile; fileRef = CF4115D41E7CE52000ADAE26 /* LaunchScreen.storyboard */; };
		CF4115E11E7CE52100ADAE26 /* SampleAppTests.swift in Sources */ = {isa = PBXBuildFile; fileRef = CF4115E01E7CE52100ADAE26 /* SampleAppTests.swift */; };
		CF4115EC1E7CE52100ADAE26 /* SampleAppUITests.swift in Sources */ = {isa = PBXBuildFile; fileRef = CF4115EB1E7CE52100ADAE26 /* SampleAppUITests.swift */; };
		CF6A5CF61E7D81CF00EAEC7F /* SlideMenuController.swift in Sources */ = {isa = PBXBuildFile; fileRef = CF0ED0551E7D68750086878C /* SlideMenuController.swift */; };
		CF6A5CF91E7D866E00EAEC7F /* TableSection.swift in Sources */ = {isa = PBXBuildFile; fileRef = CF6A5CF81E7D866E00EAEC7F /* TableSection.swift */; };
		CF6A5CFB1E7D942300EAEC7F /* Profile.storyboard in Resources */ = {isa = PBXBuildFile; fileRef = CF6A5CFA1E7D942300EAEC7F /* Profile.storyboard */; };
		CF6A5CFE1E7D947200EAEC7F /* ProfileViewController.swift in Sources */ = {isa = PBXBuildFile; fileRef = CF6A5CFD1E7D947200EAEC7F /* ProfileViewController.swift */; };
/* End PBXBuildFile section */

/* Begin PBXContainerItemProxy section */
		CF4115DD1E7CE52000ADAE26 /* PBXContainerItemProxy */ = {
			isa = PBXContainerItemProxy;
			containerPortal = CF4115BD1E7CE52000ADAE26 /* Project object */;
			proxyType = 1;
			remoteGlobalIDString = CF4115C41E7CE52000ADAE26;
			remoteInfo = SampleApp;
		};
		CF4115E81E7CE52100ADAE26 /* PBXContainerItemProxy */ = {
			isa = PBXContainerItemProxy;
			containerPortal = CF4115BD1E7CE52000ADAE26 /* Project object */;
			proxyType = 1;
			remoteGlobalIDString = CF4115C41E7CE52000ADAE26;
			remoteInfo = SampleApp;
		};
/* End PBXContainerItemProxy section */

/* Begin PBXFileReference section */
		CF0ED0551E7D68750086878C /* SlideMenuController.swift */ = {isa = PBXFileReference; fileEncoding = 4; lastKnownFileType = sourcecode.swift; path = SlideMenuController.swift; sourceTree = "<group>"; };
		CF0ED0571E7D6B070086878C /* SlideMenuContainerController.swift */ = {isa = PBXFileReference; fileEncoding = 4; lastKnownFileType = sourcecode.swift; path = SlideMenuContainerController.swift; sourceTree = "<group>"; };
		CF0ED05B1E7D6E5B0086878C /* LeftMenuController.swift */ = {isa = PBXFileReference; fileEncoding = 4; lastKnownFileType = sourcecode.swift; path = LeftMenuController.swift; sourceTree = "<group>"; };
		CF0ED05D1E7D6E870086878C /* HomeViewController.swift */ = {isa = PBXFileReference; fileEncoding = 4; lastKnownFileType = sourcecode.swift; path = HomeViewController.swift; sourceTree = "<group>"; };
		CF0ED0601E7D71650086878C /* Extensions.swift */ = {isa = PBXFileReference; fileEncoding = 4; lastKnownFileType = sourcecode.swift; path = Extensions.swift; sourceTree = "<group>"; };
		CF4115C51E7CE52000ADAE26 /* SampleApp.app */ = {isa = PBXFileReference; explicitFileType = wrapper.application; includeInIndex = 0; path = SampleApp.app; sourceTree = BUILT_PRODUCTS_DIR; };
		CF4115C81E7CE52000ADAE26 /* AppDelegate.swift */ = {isa = PBXFileReference; lastKnownFileType = sourcecode.swift; path = AppDelegate.swift; sourceTree = "<group>"; };
		CF4115CD1E7CE52000ADAE26 /* Base */ = {isa = PBXFileReference; lastKnownFileType = file.storyboard; name = Base; path = Base.lproj/Main.storyboard; sourceTree = "<group>"; };
		CF4115D01E7CE52000ADAE26 /* SampleApp.xcdatamodel */ = {isa = PBXFileReference; lastKnownFileType = wrapper.xcdatamodel; path = SampleApp.xcdatamodel; sourceTree = "<group>"; };
		CF4115D21E7CE52000ADAE26 /* Assets.xcassets */ = {isa = PBXFileReference; lastKnownFileType = folder.assetcatalog; path = Assets.xcassets; sourceTree = "<group>"; };
		CF4115D51E7CE52000ADAE26 /* Base */ = {isa = PBXFileReference; lastKnownFileType = file.storyboard; name = Base; path = Base.lproj/LaunchScreen.storyboard; sourceTree = "<group>"; };
		CF4115D71E7CE52000ADAE26 /* Info.plist */ = {isa = PBXFileReference; lastKnownFileType = text.plist.xml; path = Info.plist; sourceTree = "<group>"; };
		CF4115DC1E7CE52000ADAE26 /* SampleAppTests.xctest */ = {isa = PBXFileReference; explicitFileType = wrapper.cfbundle; includeInIndex = 0; path = SampleAppTests.xctest; sourceTree = BUILT_PRODUCTS_DIR; };
		CF4115E01E7CE52100ADAE26 /* SampleAppTests.swift */ = {isa = PBXFileReference; lastKnownFileType = sourcecode.swift; path = SampleAppTests.swift; sourceTree = "<group>"; };
		CF4115E21E7CE52100ADAE26 /* Info.plist */ = {isa = PBXFileReference; lastKnownFileType = text.plist.xml; path = Info.plist; sourceTree = "<group>"; };
		CF4115E71E7CE52100ADAE26 /* SampleAppUITests.xctest */ = {isa = PBXFileReference; explicitFileType = wrapper.cfbundle; includeInIndex = 0; path = SampleAppUITests.xctest; sourceTree = BUILT_PRODUCTS_DIR; };
		CF4115EB1E7CE52100ADAE26 /* SampleAppUITests.swift */ = {isa = PBXFileReference; lastKnownFileType = sourcecode.swift; path = SampleAppUITests.swift; sourceTree = "<group>"; };
		CF4115ED1E7CE52100ADAE26 /* Info.plist */ = {isa = PBXFileReference; lastKnownFileType = text.plist.xml; path = Info.plist; sourceTree = "<group>"; };
		CF6A5CF81E7D866E00EAEC7F /* TableSection.swift */ = {isa = PBXFileReference; fileEncoding = 4; lastKnownFileType = sourcecode.swift; path = TableSection.swift; sourceTree = "<group>"; };
		CF6A5CFA1E7D942300EAEC7F /* Profile.storyboard */ = {isa = PBXFileReference; fileEncoding = 4; lastKnownFileType = file.storyboard; path = Profile.storyboard; sourceTree = "<group>"; };
		CF6A5CFD1E7D947200EAEC7F /* ProfileViewController.swift */ = {isa = PBXFileReference; fileEncoding = 4; lastKnownFileType = sourcecode.swift; path = ProfileViewController.swift; sourceTree = "<group>"; };
/* End PBXFileReference section */

/* Begin PBXFrameworksBuildPhase section */
		CF4115C21E7CE52000ADAE26 /* Frameworks */ = {
			isa = PBXFrameworksBuildPhase;
			buildActionMask = 2147483647;
			files = (
			);
			runOnlyForDeploymentPostprocessing = 0;
		};
		CF4115D91E7CE52000ADAE26 /* Frameworks */ = {
			isa = PBXFrameworksBuildPhase;
			buildActionMask = 2147483647;
			files = (
			);
			runOnlyForDeploymentPostprocessing = 0;
		};
		CF4115E41E7CE52100ADAE26 /* Frameworks */ = {
			isa = PBXFrameworksBuildPhase;
			buildActionMask = 2147483647;
			files = (
			);
			runOnlyForDeploymentPostprocessing = 0;
		};
/* End PBXFrameworksBuildPhase section */

/* Begin PBXGroup section */
		CF0ED0541E7D67900086878C /* plugins */ = {
			isa = PBXGroup;
			children = (
				CF0ED0591E7D6D350086878C /* SlideMenuControllerSwift */,
			);
			name = plugins;
			sourceTree = "<group>";
		};
		CF0ED0591E7D6D350086878C /* SlideMenuControllerSwift */ = {
			isa = PBXGroup;
			children = (
				CF0ED0551E7D68750086878C /* SlideMenuController.swift */,
			);
			name = SlideMenuControllerSwift;
			sourceTree = "<group>";
		};
		CF0ED05A1E7D6E2E0086878C /* Main */ = {
			isa = PBXGroup;
			children = (
				CF0ED0571E7D6B070086878C /* SlideMenuContainerController.swift */,
				CF0ED05B1E7D6E5B0086878C /* LeftMenuController.swift */,
				CF0ED05D1E7D6E870086878C /* HomeViewController.swift */,
			);
			name = Main;
			sourceTree = "<group>";
		};
		CF0ED05F1E7D714D0086878C /* utils */ = {
			isa = PBXGroup;
			children = (
				CF0ED0601E7D71650086878C /* Extensions.swift */,
			);
			name = utils;
			sourceTree = "<group>";
		};
		CF4115BC1E7CE52000ADAE26 = {
			isa = PBXGroup;
			children = (
				CF4115C71E7CE52000ADAE26 /* SampleApp */,
				CF4115DF1E7CE52000ADAE26 /* SampleAppTests */,
				CF4115EA1E7CE52100ADAE26 /* SampleAppUITests */,
				CF4115C61E7CE52000ADAE26 /* Products */,
			);
			sourceTree = "<group>";
		};
		CF4115C61E7CE52000ADAE26 /* Products */ = {
			isa = PBXGroup;
			children = (
				CF4115C51E7CE52000ADAE26 /* SampleApp.app */,
				CF4115DC1E7CE52000ADAE26 /* SampleAppTests.xctest */,
				CF4115E71E7CE52100ADAE26 /* SampleAppUITests.xctest */,
			);
			name = Products;
			sourceTree = "<group>";
		};
		CF4115C71E7CE52000ADAE26 /* SampleApp */ = {
			isa = PBXGroup;
			children = (
				CF0ED0541E7D67900086878C /* plugins */,
				CF0ED05F1E7D714D0086878C /* utils */,
				CF6A5CF71E7D863D00EAEC7F /* models */,
				CF4115FB1E7CE74500ADAE26 /* controllers */,
				CF4115F91E7CE60F00ADAE26 /* views */,
				CF4115FA1E7CE72100ADAE26 /* supporting_files */,
			);
			path = SampleApp;
			sourceTree = "<group>";
		};
		CF4115DF1E7CE52000ADAE26 /* SampleAppTests */ = {
			isa = PBXGroup;
			children = (
				CF4115E01E7CE52100ADAE26 /* SampleAppTests.swift */,
				CF4115E21E7CE52100ADAE26 /* Info.plist */,
			);
			path = SampleAppTests;
			sourceTree = "<group>";
		};
		CF4115EA1E7CE52100ADAE26 /* SampleAppUITests */ = {
			isa = PBXGroup;
			children = (
				CF4115EB1E7CE52100ADAE26 /* SampleAppUITests.swift */,
				CF4115ED1E7CE52100ADAE26 /* Info.plist */,
			);
			path = SampleAppUITests;
			sourceTree = "<group>";
		};
		CF4115F91E7CE60F00ADAE26 /* views */ = {
			isa = PBXGroup;
			children = (
				CF4115CC1E7CE52000ADAE26 /* Main.storyboard */,
				CF6A5CFA1E7D942300EAEC7F /* Profile.storyboard */,
			);
			name = views;
			sourceTree = "<group>";
		};
		CF4115FA1E7CE72100ADAE26 /* supporting_files */ = {
			isa = PBXGroup;
			children = (
				CF4115D41E7CE52000ADAE26 /* LaunchScreen.storyboard */,
				CF4115C81E7CE52000ADAE26 /* AppDelegate.swift */,
				CF4115D21E7CE52000ADAE26 /* Assets.xcassets */,
				CF4115D71E7CE52000ADAE26 /* Info.plist */,
				CF4115CF1E7CE52000ADAE26 /* SampleApp.xcdatamodeld */,
			);
			name = supporting_files;
			sourceTree = "<group>";
		};
		CF4115FB1E7CE74500ADAE26 /* controllers */ = {
			isa = PBXGroup;
			children = (
				CF6A5CF51E7D79DE00EAEC7F /* reusables */,
				CF0ED05A1E7D6E2E0086878C /* Main */,
				CF6A5CFC1E7D944C00EAEC7F /* Profile */,
			);
			name = controllers;
			sourceTree = "<group>";
		};
		CF6A5CF51E7D79DE00EAEC7F /* reusables */ = {
			isa = PBXGroup;
			children = (
			);
			name = reusables;
			sourceTree = "<group>";
		};
		CF6A5CF71E7D863D00EAEC7F /* models */ = {
			isa = PBXGroup;
			children = (
				CF6A5CF81E7D866E00EAEC7F /* TableSection.swift */,
			);
			name = models;
			sourceTree = "<group>";
		};
		CF6A5CFC1E7D944C00EAEC7F /* Profile */ = {
			isa = PBXGroup;
			children = (
				CF6A5CFD1E7D947200EAEC7F /* ProfileViewController.swift */,
			);
			name = Profile;
			sourceTree = "<group>";
		};
/* End PBXGroup section */

/* Begin PBXNativeTarget section */
		CF4115C41E7CE52000ADAE26 /* SampleApp */ = {
			isa = PBXNativeTarget;
			buildConfigurationList = CF4115F01E7CE52100ADAE26 /* Build configuration list for PBXNativeTarget "SampleApp" */;
			buildPhases = (
				CF4115C11E7CE52000ADAE26 /* Sources */,
				CF4115C21E7CE52000ADAE26 /* Frameworks */,
				CF4115C31E7CE52000ADAE26 /* Resources */,
			);
			buildRules = (
			);
			dependencies = (
			);
			name = SampleApp;
			productName = SampleApp;
			productReference = CF4115C51E7CE52000ADAE26 /* SampleApp.app */;
			productType = "com.apple.product-type.application";
		};
		CF4115DB1E7CE52000ADAE26 /* SampleAppTests */ = {
			isa = PBXNativeTarget;
			buildConfigurationList = CF4115F31E7CE52100ADAE26 /* Build configuration list for PBXNativeTarget "SampleAppTests" */;
			buildPhases = (
				CF4115D81E7CE52000ADAE26 /* Sources */,
				CF4115D91E7CE52000ADAE26 /* Frameworks */,
				CF4115DA1E7CE52000ADAE26 /* Resources */,
			);
			buildRules = (
			);
			dependencies = (
				CF4115DE1E7CE52000ADAE26 /* PBXTargetDependency */,
			);
			name = SampleAppTests;
			productName = SampleAppTests;
			productReference = CF4115DC1E7CE52000ADAE26 /* SampleAppTests.xctest */;
			productType = "com.apple.product-type.bundle.unit-test";
		};
		CF4115E61E7CE52100ADAE26 /* SampleAppUITests */ = {
			isa = PBXNativeTarget;
			buildConfigurationList = CF4115F61E7CE52100ADAE26 /* Build configuration list for PBXNativeTarget "SampleAppUITests" */;
			buildPhases = (
				CF4115E31E7CE52100ADAE26 /* Sources */,
				CF4115E41E7CE52100ADAE26 /* Frameworks */,
				CF4115E51E7CE52100ADAE26 /* Resources */,
			);
			buildRules = (
			);
			dependencies = (
				CF4115E91E7CE52100ADAE26 /* PBXTargetDependency */,
			);
			name = SampleAppUITests;
			productName = SampleAppUITests;
			productReference = CF4115E71E7CE52100ADAE26 /* SampleAppUITests.xctest */;
			productType = "com.apple.product-type.bundle.ui-testing";
		};
/* End PBXNativeTarget section */

/* Begin PBXProject section */
		CF4115BD1E7CE52000ADAE26 /* Project object */ = {
			isa = PBXProject;
			attributes = {
				LastSwiftUpdateCheck = 0820;
				LastUpgradeCheck = 0820;
				ORGANIZATIONNAME = "Ulyses Rico";
				TargetAttributes = {
					CF4115C41E7CE52000ADAE26 = {
						CreatedOnToolsVersion = 8.2;
						DevelopmentTeam = 65K48ZLK8H;
						ProvisioningStyle = Automatic;
					};
					CF4115DB1E7CE52000ADAE26 = {
						CreatedOnToolsVersion = 8.2;
						DevelopmentTeam = 65K48ZLK8H;
						ProvisioningStyle = Automatic;
						TestTargetID = CF4115C41E7CE52000ADAE26;
					};
					CF4115E61E7CE52100ADAE26 = {
						CreatedOnToolsVersion = 8.2;
						DevelopmentTeam = 65K48ZLK8H;
						ProvisioningStyle = Automatic;
						TestTargetID = CF4115C41E7CE52000ADAE26;
					};
				};
			};
			buildConfigurationList = CF4115C01E7CE52000ADAE26 /* Build configuration list for PBXProject "SampleApp" */;
			compatibilityVersion = "Xcode 3.2";
			developmentRegion = English;
			hasScannedForEncodings = 0;
			knownRegions = (
				en,
				Base,
			);
			mainGroup = CF4115BC1E7CE52000ADAE26;
			productRefGroup = CF4115C61E7CE52000ADAE26 /* Products */;
			projectDirPath = "";
			projectRoot = "";
			targets = (
				CF4115C41E7CE52000ADAE26 /* SampleApp */,
				CF4115DB1E7CE52000ADAE26 /* SampleAppTests */,
				CF4115E61E7CE52100ADAE26 /* SampleAppUITests */,
			);
		};
/* End PBXProject section */

/* Begin PBXResourcesBuildPhase section */
		CF4115C31E7CE52000ADAE26 /* Resources */ = {
			isa = PBXResourcesBuildPhase;
			buildActionMask = 2147483647;
			files = (
				CF4115D61E7CE52000ADAE26 /* LaunchScreen.storyboard in Resources */,
				CF4115D31E7CE52000ADAE26 /* Assets.xcassets in Resources */,
				CF6A5CFB1E7D942300EAEC7F /* Profile.storyboard in Resources */,
				CF4115CE1E7CE52000ADAE26 /* Main.storyboard in Resources */,
			);
			runOnlyForDeploymentPostprocessing = 0;
		};
		CF4115DA1E7CE52000ADAE26 /* Resources */ = {
			isa = PBXResourcesBuildPhase;
			buildActionMask = 2147483647;
			files = (
			);
			runOnlyForDeploymentPostprocessing = 0;
		};
		CF4115E51E7CE52100ADAE26 /* Resources */ = {
			isa = PBXResourcesBuildPhase;
			buildActionMask = 2147483647;
			files = (
			);
			runOnlyForDeploymentPostprocessing = 0;
		};
/* End PBXResourcesBuildPhase section */

/* Begin PBXSourcesBuildPhase section */
		CF4115C11E7CE52000ADAE26 /* Sources */ = {
			isa = PBXSourcesBuildPhase;
			buildActionMask = 2147483647;
			files = (
				CF4115D11E7CE52000ADAE26 /* SampleApp.xcdatamodeld in Sources */,
				CF0ED0561E7D68750086878C /* SlideMenuController.swift in Sources */,
				CF6A5CF91E7D866E00EAEC7F /* TableSection.swift in Sources */,
				CF0ED0581E7D6B070086878C /* SlideMenuContainerController.swift in Sources */,
				CF0ED05C1E7D6E5B0086878C /* LeftMenuController.swift in Sources */,
				CF4115C91E7CE52000ADAE26 /* AppDelegate.swift in Sources */,
				CF6A5CFE1E7D947200EAEC7F /* ProfileViewController.swift in Sources */,
				CF0ED05E1E7D6E870086878C /* HomeViewController.swift in Sources */,
				CF0ED0611E7D71650086878C /* Extensions.swift in Sources */,
			);
			runOnlyForDeploymentPostprocessing = 0;
		};
		CF4115D81E7CE52000ADAE26 /* Sources */ = {
			isa = PBXSourcesBuildPhase;
			buildActionMask = 2147483647;
			files = (
				CF4115E11E7CE52100ADAE26 /* SampleAppTests.swift in Sources */,
			);
			runOnlyForDeploymentPostprocessing = 0;
		};
		CF4115E31E7CE52100ADAE26 /* Sources */ = {
			isa = PBXSourcesBuildPhase;
			buildActionMask = 2147483647;
			files = (
				CF6A5CF61E7D81CF00EAEC7F /* SlideMenuController.swift in Sources */,
				CF4115EC1E7CE52100ADAE26 /* SampleAppUITests.swift in Sources */,
			);
			runOnlyForDeploymentPostprocessing = 0;
		};
/* End PBXSourcesBuildPhase section */

/* Begin PBXTargetDependency section */
		CF4115DE1E7CE52000ADAE26 /* PBXTargetDependency */ = {
			isa = PBXTargetDependency;
			target = CF4115C41E7CE52000ADAE26 /* SampleApp */;
			targetProxy = CF4115DD1E7CE52000ADAE26 /* PBXContainerItemProxy */;
		};
		CF4115E91E7CE52100ADAE26 /* PBXTargetDependency */ = {
			isa = PBXTargetDependency;
			target = CF4115C41E7CE52000ADAE26 /* SampleApp */;
			targetProxy = CF4115E81E7CE52100ADAE26 /* PBXContainerItemProxy */;
		};
/* End PBXTargetDependency section */

/* Begin PBXVariantGroup section */
		CF4115CC1E7CE52000ADAE26 /* Main.storyboard */ = {
			isa = PBXVariantGroup;
			children = (
				CF4115CD1E7CE52000ADAE26 /* Base */,
			);
			name = Main.storyboard;
			sourceTree = "<group>";
		};
		CF4115D41E7CE52000ADAE26 /* LaunchScreen.storyboard */ = {
			isa = PBXVariantGroup;
			children = (
				CF4115D51E7CE52000ADAE26 /* Base */,
			);
			name = LaunchScreen.storyboard;
			sourceTree = "<group>";
		};
/* End PBXVariantGroup section */

/* Begin XCBuildConfiguration section */
		CF4115EE1E7CE52100ADAE26 /* Debug */ = {
			isa = XCBuildConfiguration;
			buildSettings = {
				ALWAYS_SEARCH_USER_PATHS = NO;
				CLANG_ANALYZER_NONNULL = YES;
				CLANG_CXX_LANGUAGE_STANDARD = "gnu++0x";
				CLANG_CXX_LIBRARY = "libc++";
				CLANG_ENABLE_MODULES = YES;
				CLANG_ENABLE_OBJC_ARC = YES;
				CLANG_WARN_BOOL_CONVERSION = YES;
				CLANG_WARN_CONSTANT_CONVERSION = YES;
				CLANG_WARN_DIRECT_OBJC_ISA_USAGE = YES_ERROR;
				CLANG_WARN_DOCUMENTATION_COMMENTS = YES;
				CLANG_WARN_EMPTY_BODY = YES;
				CLANG_WARN_ENUM_CONVERSION = YES;
				CLANG_WARN_INFINITE_RECURSION = YES;
				CLANG_WARN_INT_CONVERSION = YES;
				CLANG_WARN_OBJC_ROOT_CLASS = YES_ERROR;
				CLANG_WARN_SUSPICIOUS_MOVE = YES;
				CLANG_WARN_UNREACHABLE_CODE = YES;
				CLANG_WARN__DUPLICATE_METHOD_MATCH = YES;
				"CODE_SIGN_IDENTITY[sdk=iphoneos*]" = "iPhone Developer";
				COPY_PHASE_STRIP = NO;
				DEBUG_INFORMATION_FORMAT = dwarf;
				ENABLE_STRICT_OBJC_MSGSEND = YES;
				ENABLE_TESTABILITY = YES;
				GCC_C_LANGUAGE_STANDARD = gnu99;
				GCC_DYNAMIC_NO_PIC = NO;
				GCC_NO_COMMON_BLOCKS = YES;
				GCC_OPTIMIZATION_LEVEL = 0;
				GCC_PREPROCESSOR_DEFINITIONS = (
					"DEBUG=1",
					"$(inherited)",
				);
				GCC_WARN_64_TO_32_BIT_CONVERSION = YES;
				GCC_WARN_ABOUT_RETURN_TYPE = YES_ERROR;
				GCC_WARN_UNDECLARED_SELECTOR = YES;
				GCC_WARN_UNINITIALIZED_AUTOS = YES_AGGRESSIVE;
				GCC_WARN_UNUSED_FUNCTION = YES;
				GCC_WARN_UNUSED_VARIABLE = YES;
				IPHONEOS_DEPLOYMENT_TARGET = 10.2;
				MTL_ENABLE_DEBUG_INFO = YES;
				ONLY_ACTIVE_ARCH = YES;
				SDKROOT = iphoneos;
				SWIFT_ACTIVE_COMPILATION_CONDITIONS = DEBUG;
				SWIFT_OPTIMIZATION_LEVEL = "-Onone";
				TARGETED_DEVICE_FAMILY = "1,2";
			};
			name = Debug;
		};
		CF4115EF1E7CE52100ADAE26 /* Release */ = {
			isa = XCBuildConfiguration;
			buildSettings = {
				ALWAYS_SEARCH_USER_PATHS = NO;
				CLANG_ANALYZER_NONNULL = YES;
				CLANG_CXX_LANGUAGE_STANDARD = "gnu++0x";
				CLANG_CXX_LIBRARY = "libc++";
				CLANG_ENABLE_MODULES = YES;
				CLANG_ENABLE_OBJC_ARC = YES;
				CLANG_WARN_BOOL_CONVERSION = YES;
				CLANG_WARN_CONSTANT_CONVERSION = YES;
				CLANG_WARN_DIRECT_OBJC_ISA_USAGE = YES_ERROR;
				CLANG_WARN_DOCUMENTATION_COMMENTS = YES;
				CLANG_WARN_EMPTY_BODY = YES;
				CLANG_WARN_ENUM_CONVERSION = YES;
				CLANG_WARN_INFINITE_RECURSION = YES;
				CLANG_WARN_INT_CONVERSION = YES;
				CLANG_WARN_OBJC_ROOT_CLASS = YES_ERROR;
				CLANG_WARN_SUSPICIOUS_MOVE = YES;
				CLANG_WARN_UNREACHABLE_CODE = YES;
				CLANG_WARN__DUPLICATE_METHOD_MATCH = YES;
				"CODE_SIGN_IDENTITY[sdk=iphoneos*]" = "iPhone Developer";
				COPY_PHASE_STRIP = NO;
				DEBUG_INFORMATION_FORMAT = "dwarf-with-dsym";
				ENABLE_NS_ASSERTIONS = NO;
				ENABLE_STRICT_OBJC_MSGSEND = YES;
				GCC_C_LANGUAGE_STANDARD = gnu99;
				GCC_NO_COMMON_BLOCKS = YES;
				GCC_WARN_64_TO_32_BIT_CONVERSION = YES;
				GCC_WARN_ABOUT_RETURN_TYPE = YES_ERROR;
				GCC_WARN_UNDECLARED_SELECTOR = YES;
				GCC_WARN_UNINITIALIZED_AUTOS = YES_AGGRESSIVE;
				GCC_WARN_UNUSED_FUNCTION = YES;
				GCC_WARN_UNUSED_VARIABLE = YES;
				IPHONEOS_DEPLOYMENT_TARGET = 10.2;
				MTL_ENABLE_DEBUG_INFO = NO;
				SDKROOT = iphoneos;
				SWIFT_OPTIMIZATION_LEVEL = "-Owholemodule";
				TARGETED_DEVICE_FAMILY = "1,2";
				VALIDATE_PRODUCT = YES;
			};
			name = Release;
		};
		CF4115F11E7CE52100ADAE26 /* Debug */ = {
			isa = XCBuildConfiguration;
			buildSettings = {
				ASSETCATALOG_COMPILER_APPICON_NAME = AppIcon;
				DEVELOPMENT_TEAM = 65K48ZLK8H;
				INFOPLIST_FILE = SampleApp/Info.plist;
				LD_RUNPATH_SEARCH_PATHS = "$(inherited) @executable_path/Frameworks";
				PRODUCT_BUNDLE_IDENTIFIER = ricouly.SampleApp;
				PRODUCT_NAME = "$(TARGET_NAME)";
				SWIFT_VERSION = 3.0;
			};
			name = Debug;
		};
		CF4115F21E7CE52100ADAE26 /* Release */ = {
			isa = XCBuildConfiguration;
			buildSettings = {
				ASSETCATALOG_COMPILER_APPICON_NAME = AppIcon;
				DEVELOPMENT_TEAM = 65K48ZLK8H;
				INFOPLIST_FILE = SampleApp/Info.plist;
				LD_RUNPATH_SEARCH_PATHS = "$(inherited) @executable_path/Frameworks";
				PRODUCT_BUNDLE_IDENTIFIER = ricouly.SampleApp;
				PRODUCT_NAME = "$(TARGET_NAME)";
				SWIFT_VERSION = 3.0;
			};
			name = Release;
		};
		CF4115F41E7CE52100ADAE26 /* Debug */ = {
			isa = XCBuildConfiguration;
			buildSettings = {
				ALWAYS_EMBED_SWIFT_STANDARD_LIBRARIES = YES;
				BUNDLE_LOADER = "$(TEST_HOST)";
				DEVELOPMENT_TEAM = 65K48ZLK8H;
				INFOPLIST_FILE = SampleAppTests/Info.plist;
				LD_RUNPATH_SEARCH_PATHS = "$(inherited) @executable_path/Frameworks @loader_path/Frameworks";
				PRODUCT_BUNDLE_IDENTIFIER = ricouly.SampleAppTests;
				PRODUCT_NAME = "$(TARGET_NAME)";
				SWIFT_VERSION = 3.0;
				TEST_HOST = "$(BUILT_PRODUCTS_DIR)/SampleApp.app/SampleApp";
			};
			name = Debug;
		};
		CF4115F51E7CE52100ADAE26 /* Release */ = {
			isa = XCBuildConfiguration;
			buildSettings = {
				ALWAYS_EMBED_SWIFT_STANDARD_LIBRARIES = YES;
				BUNDLE_LOADER = "$(TEST_HOST)";
				DEVELOPMENT_TEAM = 65K48ZLK8H;
				INFOPLIST_FILE = SampleAppTests/Info.plist;
				LD_RUNPATH_SEARCH_PATHS = "$(inherited) @executable_path/Frameworks @loader_path/Frameworks";
				PRODUCT_BUNDLE_IDENTIFIER = ricouly.SampleAppTests;
				PRODUCT_NAME = "$(TARGET_NAME)";
				SWIFT_VERSION = 3.0;
				TEST_HOST = "$(BUILT_PRODUCTS_DIR)/SampleApp.app/SampleApp";
			};
			name = Release;
		};
		CF4115F71E7CE52100ADAE26 /* Debug */ = {
			isa = XCBuildConfiguration;
			buildSettings = {
				ALWAYS_EMBED_SWIFT_STANDARD_LIBRARIES = YES;
				DEVELOPMENT_TEAM = 65K48ZLK8H;
				INFOPLIST_FILE = SampleAppUITests/Info.plist;
				LD_RUNPATH_SEARCH_PATHS = "$(inherited) @executable_path/Frameworks @loader_path/Frameworks";
				PRODUCT_BUNDLE_IDENTIFIER = ricouly.SampleAppUITests;
				PRODUCT_NAME = "$(TARGET_NAME)";
				SWIFT_VERSION = 3.0;
				TEST_TARGET_NAME = SampleApp;
			};
			name = Debug;
		};
		CF4115F81E7CE52100ADAE26 /* Release */ = {
			isa = XCBuildConfiguration;
			buildSettings = {
				ALWAYS_EMBED_SWIFT_STANDARD_LIBRARIES = YES;
				DEVELOPMENT_TEAM = 65K48ZLK8H;
				INFOPLIST_FILE = SampleAppUITests/Info.plist;
				LD_RUNPATH_SEARCH_PATHS = "$(inherited) @executable_path/Frameworks @loader_path/Frameworks";
				PRODUCT_BUNDLE_IDENTIFIER = ricouly.SampleAppUITests;
				PRODUCT_NAME = "$(TARGET_NAME)";
				SWIFT_VERSION = 3.0;
				TEST_TARGET_NAME = SampleApp;
			};
			name = Release;
		};
/* End XCBuildConfiguration section */

/* Begin XCConfigurationList section */
		CF4115C01E7CE52000ADAE26 /* Build configuration list for PBXProject "SampleApp" */ = {
			isa = XCConfigurationList;
			buildConfigurations = (
				CF4115EE1E7CE52100ADAE26 /* Debug */,
				CF4115EF1E7CE52100ADAE26 /* Release */,
			);
			defaultConfigurationIsVisible = 0;
			defaultConfigurationName = Release;
		};
		CF4115F01E7CE52100ADAE26 /* Build configuration list for PBXNativeTarget "SampleApp" */ = {
			isa = XCConfigurationList;
			buildConfigurations = (
				CF4115F11E7CE52100ADAE26 /* Debug */,
				CF4115F21E7CE52100ADAE26 /* Release */,
			);
			defaultConfigurationIsVisible = 0;
			defaultConfigurationName = Release;
		};
		CF4115F31E7CE52100ADAE26 /* Build configuration list for PBXNativeTarget "SampleAppTests" */ = {
			isa = XCConfigurationList;
			buildConfigurations = (
				CF4115F41E7CE52100ADAE26 /* Debug */,
				CF4115F51E7CE52100ADAE26 /* Release */,
			);
			defaultConfigurationIsVisible = 0;
			defaultConfigurationName = Release;
		};
		CF4115F61E7CE52100ADAE26 /* Build configuration list for PBXNativeTarget "SampleAppUITests" */ = {
			isa = XCConfigurationList;
			buildConfigurations = (
				CF4115F71E7CE52100ADAE26 /* Debug */,
				CF4115F81E7CE52100ADAE26 /* Release */,
			);
			defaultConfigurationIsVisible = 0;
			defaultConfigurationName = Release;
		};
/* End XCConfigurationList section */

/* Begin XCVersionGroup section */
		CF4115CF1E7CE52000ADAE26 /* SampleApp.xcdatamodeld */ = {
			isa = XCVersionGroup;
			children = (
				CF4115D01E7CE52000ADAE26 /* SampleApp.xcdatamodel */,
			);
			currentVersion = CF4115D01E7CE52000ADAE26 /* SampleApp.xcdatamodel */;
			path = SampleApp.xcdatamodeld;
			sourceTree = "<group>";
			versionGroupType = wrapper.xcdatamodel;
		};
/* End XCVersionGroup section */
	};
	rootObject = CF4115BD1E7CE52000ADAE26 /* Project object */;
}
